Microsoft Visual Studio Solution File, Format Version 11.00
# Visual Studio 2008

Project("{664C8AB7-5F36-6D5C-76BC-663EF17CA204}") = "Mario Kart Unity", "Assembly-CSharp.csproj", "{F64F189D-69BB-6B51-9355-51BD5A2C9D4A}"
EndProject
Global
	GlobalSection(SolutionConfigurationPlatforms) = preSolution
		Debug|Any CPU = Debug|Any CPU
		Release|Any CPU = Release|Any CPU
	EndGlobalSection
	GlobalSection(ProjectConfigurationPlatforms) = postSolution
		{F64F189D-69BB-6B51-9355-51BD5A2C9D4A}.Debug|Any CPU.ActiveCfg = Debug|Any CPU
		{F64F189D-69BB-6B51-9355-51BD5A2C9D4A}.Debug|Any CPU.Build.0 = Debug|Any CPU
		{F64F189D-69BB-6B51-9355-51BD5A2C9D4A}.Release|Any CPU.ActiveCfg = Release|Any CPU
		{F64F189D-69BB-6B51-9355-51BD5A2C9D4A}.Release|Any CPU.Build.0 = Release|Any CPU
	EndGlobalSection
	GlobalSection(SolutionProperties) = preSolution
		HideSolutionNode = FALSE
	EndGlobalSection
	GlobalSection(MonoDevelopProperties) = preSolution
		StartupItem = Assembly-CSharp.csproj
	EndGlobalSection
EndGlobal
