Microsoft Visual Studio Solution File, Format Version 11.00
# Visual Studio 2008

Project("{901A7320-E77E-54C4-794B-D577399EB0A6}") = "Multiplayer", "Assembly-CSharp.csproj", "{D46A65ED-87AD-D2D3-0493-4CF8807E7B5A}"
EndProject
Global
	GlobalSection(SolutionConfigurationPlatforms) = preSolution
		Debug|Any CPU = Debug|Any CPU
		Release|Any CPU = Release|Any CPU
	EndGlobalSection
	GlobalSection(ProjectConfigurationPlatforms) = postSolution
		{D46A65ED-87AD-D2D3-0493-4CF8807E7B5A}.Debug|Any CPU.ActiveCfg = Debug|Any CPU
		{D46A65ED-87AD-D2D3-0493-4CF8807E7B5A}.Debug|Any CPU.Build.0 = Debug|Any CPU
		{D46A65ED-87AD-D2D3-0493-4CF8807E7B5A}.Release|Any CPU.ActiveCfg = Release|Any CPU
		{D46A65ED-87AD-D2D3-0493-4CF8807E7B5A}.Release|Any CPU.Build.0 = Release|Any CPU
	EndGlobalSection
	GlobalSection(SolutionProperties) = preSolution
		HideSolutionNode = FALSE
	EndGlobalSection
	GlobalSection(MonoDevelopProperties) = preSolution
		StartupItem = Assembly-CSharp.csproj
	EndGlobalSection
EndGlobal
